
Microsoft Visual Studio Solution File, Format Version 12.00
# Visual Studio Version 17
VisualStudioVersion = 17.4.33110.190
MinimumVisualStudioVersion = 10.0.40219.1
Project("{FAE04EC0-301F-11D3-BF4B-00C04F79EFBC}") = "WeatherConsumer", "WeatherConsumer\WeatherConsumer.csproj", "{7BFE8F1E-042B-4D93-AA5F-D11713827164}"
EndProject
Global
	GlobalSection(SolutionConfigurationPlatforms) = preSolution
		Debug|Any CPU = Debug|Any CPU
		Release|Any CPU = Release|Any CPU
	EndGlobalSection
	GlobalSection(ProjectConfigurationPlatforms) = postSolution
		{7BFE8F1E-042B-4D93-AA5F-D11713827164}.Debug|Any CPU.ActiveCfg = Debug|Any CPU
		{7BFE8F1E-042B-4D93-AA5F-D11713827164}.Debug|Any CPU.Build.0 = Debug|Any CPU
		{7BFE8F1E-042B-4D93-AA5F-D11713827164}.Release|Any CPU.ActiveCfg = Release|Any CPU
		{7BFE8F1E-042B-4D93-AA5F-D11713827164}.Release|Any CPU.Build.0 = Release|Any CPU
	EndGlobalSection
	GlobalSection(SolutionProperties) = preSolution
		HideSolutionNode = FALSE
	EndGlobalSection
	GlobalSection(ExtensibilityGlobals) = postSolution
		SolutionGuid = {31259B64-937B-408E-A588-C691E6991496}
	EndGlobalSection
EndGlobal
